
Microsoft Visual Studio Solution File, Format Version 12.00
# Visual Studio Version 17
VisualStudioVersion = 17.2.32516.85
MinimumVisualStudioVersion = 10.0.40219.1
Project("{FAE04EC0-301F-11D3-BF4B-00C04F79EFBC}") = "WebApi", "WebApi\WebApi.csproj", "{EF091778-EE2D-46EB-BC50-5E12F80F3C97}"
EndProject
Project("{FAE04EC0-301F-11D3-BF4B-00C04F79EFBC}") = "ConsumerConsole", "ConsumerConsole\ConsumerConsole.csproj", "{062579E9-C4EB-45BD-B1B0-DA072EDFDDF0}"
EndProject
Project("{FAE04EC0-301F-11D3-BF4B-00C04F79EFBC}") = "CoreLibrary", "CoreLibrary\CoreLibrary.csproj", "{7552CF06-D6F9-4071-B184-17DD71A11FA5}"
EndProject
Global
	GlobalSection(SolutionConfigurationPlatforms) = preSolution
		Debug|Any CPU = Debug|Any CPU
		Release|Any CPU = Release|Any CPU
	EndGlobalSection
	GlobalSection(ProjectConfigurationPlatforms) = postSolution
		{EF091778-EE2D-46EB-BC50-5E12F80F3C97}.Debug|Any CPU.ActiveCfg = Debug|Any CPU
		{EF091778-EE2D-46EB-BC50-5E12F80F3C97}.Debug|Any CPU.Build.0 = Debug|Any CPU
		{EF091778-EE2D-46EB-BC50-5E12F80F3C97}.Release|Any CPU.ActiveCfg = Release|Any CPU
		{EF091778-EE2D-46EB-BC50-5E12F80F3C97}.Release|Any CPU.Build.0 = Release|Any CPU
		{062579E9-C4EB-45BD-B1B0-DA072EDFDDF0}.Debug|Any CPU.ActiveCfg = Debug|Any CPU
		{062579E9-C4EB-45BD-B1B0-DA072EDFDDF0}.Debug|Any CPU.Build.0 = Debug|Any CPU
		{062579E9-C4EB-45BD-B1B0-DA072EDFDDF0}.Release|Any CPU.ActiveCfg = Release|Any CPU
		{062579E9-C4EB-45BD-B1B0-DA072EDFDDF0}.Release|Any CPU.Build.0 = Release|Any CPU
		{7552CF06-D6F9-4071-B184-17DD71A11FA5}.Debug|Any CPU.ActiveCfg = Debug|Any CPU
		{7552CF06-D6F9-4071-B184-17DD71A11FA5}.Debug|Any CPU.Build.0 = Debug|Any CPU
		{7552CF06-D6F9-4071-B184-17DD71A11FA5}.Release|Any CPU.ActiveCfg = Release|Any CPU
		{7552CF06-D6F9-4071-B184-17DD71A11FA5}.Release|Any CPU.Build.0 = Release|Any CPU
	EndGlobalSection
	GlobalSection(SolutionProperties) = preSolution
		HideSolutionNode = FALSE
	EndGlobalSection
	GlobalSection(ExtensibilityGlobals) = postSolution
		SolutionGuid = {04AE5EB8-5BE1-4AD6-9516-E15E1C4C3B55}
	EndGlobalSection
EndGlobal
